// !$*UTF8*$!
{
	archiveVersion = 1;
	classes = {
	};
	objectVersion = 46;
	objects = {

/* Begin PBXBuildFile section */
		21B236FB1B0CADA400CF8E12 /* main.m in Sources */ = {isa = PBXBuildFile; fileRef = 21B236FA1B0CADA400CF8E12 /* main.m */; };
		21B236FE1B0CADA400CF8E12 /* AppDelegate.m in Sources */ = {isa = PBXBuildFile; fileRef = 21B236FD1B0CADA400CF8E12 /* AppDelegate.m */; };
		21B237011B0CADA400CF8E12 /* ViewController.m in Sources */ = {isa = PBXBuildFile; fileRef = 21B237001B0CADA400CF8E12 /* ViewController.m */; };
		21B237041B0CADA400CF8E12 /* Main.storyboard in Resources */ = {isa = PBXBuildFile; fileRef = 21B237021B0CADA400CF8E12 /* Main.storyboard */; };
		21B237061B0CADA400CF8E12 /* Images.xcassets in Resources */ = {isa = PBXBuildFile; fileRef = 21B237051B0CADA400CF8E12 /* Images.xcassets */; };
		21B237091B0CADA400CF8E12 /* LaunchScreen.xib in Resources */ = {isa = PBXBuildFile; fileRef = 21B237071B0CADA400CF8E12 /* LaunchScreen.xib */; };
		21B237151B0CADA400CF8E12 /* YQSlideMenuControllerDemoTests.m in Sources */ = {isa = PBXBuildFile; fileRef = 21B237141B0CADA400CF8E12 /* YQSlideMenuControllerDemoTests.m */; };
		21B237211B0CAE1200CF8E12 /* YQSlideMenuController.m in Sources */ = {isa = PBXBuildFile; fileRef = 21B237201B0CAE1200CF8E12 /* YQSlideMenuController.m */; };
		21ED403B1B1457B1008400D2 /* LeftMenuController.m in Sources */ = {isa = PBXBuildFile; fileRef = 21ED40391B1457B1008400D2 /* LeftMenuController.m */; };
		21ED403C1B1457B1008400D2 /* LeftMenuController.xib in Resources */ = {isa = PBXBuildFile; fileRef = 21ED403A1B1457B1008400D2 /* LeftMenuController.xib */; };
		21ED40401B145E03008400D2 /* YQSlideMenuImages.xcassets in Resources */ = {isa = PBXBuildFile; fileRef = 21ED403F1B145E03008400D2 /* YQSlideMenuImages.xcassets */; };
		21ED404C1B145EA8008400D2 /* MainViewController.m in Sources */ = {isa = PBXBuildFile; fileRef = 21ED404A1B145EA8008400D2 /* MainViewController.m */; };
		21ED404D1B145EA8008400D2 /* MainViewController.xib in Resources */ = {isa = PBXBuildFile; fileRef = 21ED404B1B145EA8008400D2 /* MainViewController.xib */; };
		21ED40511B146189008400D2 /* OneViewController.m in Sources */ = {isa = PBXBuildFile; fileRef = 21ED404F1B146189008400D2 /* OneViewController.m */; };
		21ED40521B146189008400D2 /* OneViewController.xib in Resources */ = {isa = PBXBuildFile; fileRef = 21ED40501B146189008400D2 /* OneViewController.xib */; };
		21ED40561B146678008400D2 /* TwoViewController.m in Sources */ = {isa = PBXBuildFile; fileRef = 21ED40541B146678008400D2 /* TwoViewController.m */; };
		21ED40571B146678008400D2 /* TwoViewController.xib in Resources */ = {isa = PBXBuildFile; fileRef = 21ED40551B146678008400D2 /* TwoViewController.xib */; };
		21ED405A1B146785008400D2 /* UIViewController+YQSlideMenu.m in Sources */ = {isa = PBXBuildFile; fileRef = 21ED40591B146785008400D2 /* UIViewController+YQSlideMenu.m */; };
/* End PBXBuildFile section */

/* Begin PBXContainerItemProxy section */
		21B2370F1B0CADA400CF8E12 /* PBXContainerItemProxy */ = {
			isa = PBXContainerItemProxy;
			containerPortal = 21B236ED1B0CADA400CF8E12 /* Project object */;
			proxyType = 1;
			remoteGlobalIDString = 21B236F41B0CADA400CF8E12;
			remoteInfo = YQSlideMenuControllerDemo;
		};
/* End PBXContainerItemProxy section */

/* Begin PBXFileReference section */
		21B236F51B0CADA400CF8E12 /* YQSlideMenuControllerDemo.app */ = {isa = PBXFileReference; explicitFileType = wrapper.application; includeInIndex = 0; path = YQSlideMenuControllerDemo.app; sourceTree = BUILT_PRODUCTS_DIR; };
		21B236F91B0CADA400CF8E12 /* Info.plist */ = {isa = PBXFileReference; lastKnownFileType = text.plist.xml; path = Info.plist; sourceTree = "<group>"; };
		21B236FA1B0CADA400CF8E12 /* main.m */ = {isa = PBXFileReference; lastKnownFileType = sourcecode.c.objc; path = main.m; sourceTree = "<group>"; };
		21B236FC1B0CADA400CF8E12 /* AppDelegate.h */ = {isa = PBXFileReference; lastKnownFileType = sourcecode.c.h; path = AppDelegate.h; sourceTree = "<group>"; };
		21B236FD1B0CADA400CF8E12 /* AppDelegate.m */ = {isa = PBXFileReference; lastKnownFileType = sourcecode.c.objc; path = AppDelegate.m; sourceTree = "<group>"; };
		21B236FF1B0CADA400CF8E12 /* ViewController.h */ = {isa = PBXFileReference; lastKnownFileType = sourcecode.c.h; path = ViewController.h; sourceTree = "<group>"; };
		21B237001B0CADA400CF8E12 /* ViewController.m */ = {isa = PBXFileReference; lastKnownFileType = sourcecode.c.objc; path = ViewController.m; sourceTree = "<group>"; };
		21B237031B0CADA400CF8E12 /* Base */ = {isa = PBXFileReference; lastKnownFileType = file.storyboard; name = Base; path = Base.lproj/Main.storyboard; sourceTree = "<group>"; };
		21B237051B0CADA400CF8E12 /* Images.xcassets */ = {isa = PBXFileReference; lastKnownFileType = folder.assetcatalog; path = Images.xcassets; sourceTree = "<group>"; };
		21B237081B0CADA400CF8E12 /* Base */ = {isa = PBXFileReference; lastKnownFileType = file.xib; name = Base; path = Base.lproj/LaunchScreen.xib; sourceTree = "<group>"; };
		21B2370E1B0CADA400CF8E12 /* YQSlideMenuControllerDemoTests.xctest */ = {isa = PBXFileReference; explicitFileType = wrapper.cfbundle; includeInIndex = 0; path = YQSlideMenuControllerDemoTests.xctest; sourceTree = BUILT_PRODUCTS_DIR; };
		21B237131B0CADA400CF8E12 /* Info.plist */ = {isa = PBXFileReference; lastKnownFileType = text.plist.xml; path = Info.plist; sourceTree = "<group>"; };
		21B237141B0CADA400CF8E12 /* YQSlideMenuControllerDemoTests.m */ = {isa = PBXFileReference; lastKnownFileType = sourcecode.c.objc; path = YQSlideMenuControllerDemoTests.m; sourceTree = "<group>"; };
		21B2371F1B0CAE1200CF8E12 /* YQSlideMenuController.h */ = {isa = PBXFileReference; fileEncoding = 4; lastKnownFileType = sourcecode.c.h; path = YQSlideMenuController.h; sourceTree = "<group>"; };
		21B237201B0CAE1200CF8E12 /* YQSlideMenuController.m */ = {isa = PBXFileReference; fileEncoding = 4; lastKnownFileType = sourcecode.c.objc; path = YQSlideMenuController.m; sourceTree = "<group>"; };
		21ED40381B1457B1008400D2 /* LeftMenuController.h */ = {isa = PBXFileReference; fileEncoding = 4; lastKnownFileType = sourcecode.c.h; path = LeftMenuController.h; sourceTree = "<group>"; };
		21ED40391B1457B1008400D2 /* LeftMenuController.m */ = {isa = PBXFileReference; fileEncoding = 4; lastKnownFileType = sourcecode.c.objc; path = LeftMenuController.m; sourceTree = "<group>"; };
		21ED403A1B1457B1008400D2 /* LeftMenuController.xib */ = {isa = PBXFileReference; fileEncoding = 4; lastKnownFileType = file.xib; path = LeftMenuController.xib; sourceTree = "<group>"; };
		21ED403F1B145E03008400D2 /* YQSlideMenuImages.xcassets */ = {isa = PBXFileReference; lastKnownFileType = folder.assetcatalog; path = YQSlideMenuImages.xcassets; sourceTree = "<group>"; };
		21ED40491B145EA8008400D2 /* MainViewController.h */ = {isa = PBXFileReference; fileEncoding = 4; lastKnownFileType = sourcecode.c.h; path = MainViewController.h; sourceTree = "<group>"; };
		21ED404A1B145EA8008400D2 /* MainViewController.m */ = {isa = PBXFileReference; fileEncoding = 4; lastKnownFileType = sourcecode.c.objc; path = MainViewController.m; sourceTree = "<group>"; };
		21ED404B1B145EA8008400D2 /* MainViewController.xib */ = {isa = PBXFileReference; fileEncoding = 4; lastKnownFileType = file.xib; path = MainViewController.xib; sourceTree = "<group>"; };
		21ED404E1B146189008400D2 /* OneViewController.h */ = {isa = PBXFileReference; fileEncoding = 4; lastKnownFileType = sourcecode.c.h; path = OneViewController.h; sourceTree = "<group>"; };
		21ED404F1B146189008400D2 /* OneViewController.m */ = {isa = PBXFileReference; fileEncoding = 4; lastKnownFileType = sourcecode.c.objc; path = OneViewController.m; sourceTree = "<group>"; };
		21ED40501B146189008400D2 /* OneViewController.xib */ = {isa = PBXFileReference; fileEncoding = 4; lastKnownFileType = file.xib; path = OneViewController.xib; sourceTree = "<group>"; };
		21ED40531B146678008400D2 /* TwoViewController.h */ = {isa = PBXFileReference; fileEncoding = 4; lastKnownFileType = sourcecode.c.h; path = TwoViewController.h; sourceTree = "<group>"; };
		21ED40541B146678008400D2 /* TwoViewController.m */ = {isa = PBXFileReference; fileEncoding = 4; lastKnownFileType = sourcecode.c.objc; path = TwoViewController.m; sourceTree = "<group>"; };
		21ED40551B146678008400D2 /* TwoViewController.xib */ = {isa = PBXFileReference; fileEncoding = 4; lastKnownFileType = file.xib; path = TwoViewController.xib; sourceTree = "<group>"; };
		21ED40581B146785008400D2 /* UIViewController+YQSlideMenu.h */ = {isa = PBXFileReference; fileEncoding = 4; lastKnownFileType = sourcecode.c.h; path = "UIViewController+YQSlideMenu.h"; sourceTree = "<group>"; };
		21ED40591B146785008400D2 /* UIViewController+YQSlideMenu.m */ = {isa = PBXFileReference; fileEncoding = 4; lastKnownFileType = sourcecode.c.objc; path = "UIViewController+YQSlideMenu.m"; sourceTree = "<group>"; };
/* End PBXFileReference section */

/* Begin PBXFrameworksBuildPhase section */
		21B236F21B0CADA400CF8E12 /* Frameworks */ = {
			isa = PBXFrameworksBuildPhase;
			buildActionMask = 2147483647;
			files = (
			);
			runOnlyForDeploymentPostprocessing = 0;
		};
		21B2370B1B0CADA400CF8E12 /* Frameworks */ = {
			isa = PBXFrameworksBuildPhase;
			buildActionMask = 2147483647;
			files = (
			);
			runOnlyForDeploymentPostprocessing = 0;
		};
/* End PBXFrameworksBuildPhase section */

/* Begin PBXGroup section */
		21B236EC1B0CADA400CF8E12 = {
			isa = PBXGroup;
			children = (
				21B236F71B0CADA400CF8E12 /* YQSlideMenuControllerDemo */,
				21B237111B0CADA400CF8E12 /* YQSlideMenuControllerDemoTests */,
				21B236F61B0CADA400CF8E12 /* Products */,
			);
			sourceTree = "<group>";
		};
		21B236F61B0CADA400CF8E12 /* Products */ = {
			isa = PBXGroup;
			children = (
				21B236F51B0CADA400CF8E12 /* YQSlideMenuControllerDemo.app */,
				21B2370E1B0CADA400CF8E12 /* YQSlideMenuControllerDemoTests.xctest */,
			);
			name = Products;
			sourceTree = "<group>";
		};
		21B236F71B0CADA400CF8E12 /* YQSlideMenuControllerDemo */ = {
			isa = PBXGroup;
			children = (
				21B2371E1B0CADE100CF8E12 /* YQSlideMenuController */,
				21B236FC1B0CADA400CF8E12 /* AppDelegate.h */,
				21B236FD1B0CADA400CF8E12 /* AppDelegate.m */,
				21B236FF1B0CADA400CF8E12 /* ViewController.h */,
				21B237001B0CADA400CF8E12 /* ViewController.m */,
				21B237021B0CADA400CF8E12 /* Main.storyboard */,
				21B237051B0CADA400CF8E12 /* Images.xcassets */,
				21B237071B0CADA400CF8E12 /* LaunchScreen.xib */,
				21B236F81B0CADA400CF8E12 /* Supporting Files */,
				21ED40381B1457B1008400D2 /* LeftMenuController.h */,
				21ED40391B1457B1008400D2 /* LeftMenuController.m */,
				21ED403A1B1457B1008400D2 /* LeftMenuController.xib */,
				21ED40491B145EA8008400D2 /* MainViewController.h */,
				21ED404A1B145EA8008400D2 /* MainViewController.m */,
				21ED404B1B145EA8008400D2 /* MainViewController.xib */,
				21ED404E1B146189008400D2 /* OneViewController.h */,
				21ED404F1B146189008400D2 /* OneViewController.m */,
				21ED40501B146189008400D2 /* OneViewController.xib */,
				21ED40531B146678008400D2 /* TwoViewController.h */,
				21ED40541B146678008400D2 /* TwoViewController.m */,
				21ED40551B146678008400D2 /* TwoViewController.xib */,
			);
			path = YQSlideMenuControllerDemo;
			sourceTree = "<group>";
		};
		21B236F81B0CADA400CF8E12 /* Supporting Files */ = {
			isa = PBXGroup;
			children = (
				21B236F91B0CADA400CF8E12 /* Info.plist */,
				21B236FA1B0CADA400CF8E12 /* main.m */,
			);
			name = "Supporting Files";
			sourceTree = "<group>";
		};
		21B237111B0CADA400CF8E12 /* YQSlideMenuControllerDemoTests */ = {
			isa = PBXGroup;
			children = (
				21B237141B0CADA400CF8E12 /* YQSlideMenuControllerDemoTests.m */,
				21B237121B0CADA400CF8E12 /* Supporting Files */,
			);
			path = YQSlideMenuControllerDemoTests;
			sourceTree = "<group>";
		};
		21B237121B0CADA400CF8E12 /* Supporting Files */ = {
			isa = PBXGroup;
			children = (
				21B237131B0CADA400CF8E12 /* Info.plist */,
			);
			name = "Supporting Files";
			sourceTree = "<group>";
		};
		21B2371E1B0CADE100CF8E12 /* YQSlideMenuController */ = {
			isa = PBXGroup;
			children = (
				21B2371F1B0CAE1200CF8E12 /* YQSlideMenuController.h */,
				21B237201B0CAE1200CF8E12 /* YQSlideMenuController.m */,
				21ED403F1B145E03008400D2 /* YQSlideMenuImages.xcassets */,
				21ED40581B146785008400D2 /* UIViewController+YQSlideMenu.h */,
				21ED40591B146785008400D2 /* UIViewController+YQSlideMenu.m */,
			);
			path = YQSlideMenuController;
			sourceTree = "<group>";
		};
/* End PBXGroup section */

/* Begin PBXNativeTarget section */
		21B236F41B0CADA400CF8E12 /* YQSlideMenuControllerDemo */ = {
			isa = PBXNativeTarget;
			buildConfigurationList = 21B237181B0CADA400CF8E12 /* Build configuration list for PBXNativeTarget "YQSlideMenuControllerDemo" */;
			buildPhases = (
				21B236F11B0CADA400CF8E12 /* Sources */,
				21B236F21B0CADA400CF8E12 /* Frameworks */,
				21B236F31B0CADA400CF8E12 /* Resources */,
			);
			buildRules = (
			);
			dependencies = (
			);
			name = YQSlideMenuControllerDemo;
			productName = YQSlideMenuControllerDemo;
			productReference = 21B236F51B0CADA400CF8E12 /* YQSlideMenuControllerDemo.app */;
			productType = "com.apple.product-type.application";
		};
		21B2370D1B0CADA400CF8E12 /* YQSlideMenuControllerDemoTests */ = {
			isa = PBXNativeTarget;
			buildConfigurationList = 21B2371B1B0CADA400CF8E12 /* Build configuration list for PBXNativeTarget "YQSlideMenuControllerDemoTests" */;
			buildPhases = (
				21B2370A1B0CADA400CF8E12 /* Sources */,
				21B2370B1B0CADA400CF8E12 /* Frameworks */,
				21B2370C1B0CADA400CF8E12 /* Resources */,
			);
			buildRules = (
			);
			dependencies = (
				21B237101B0CADA400CF8E12 /* PBXTargetDependency */,
			);
			name = YQSlideMenuControllerDemoTests;
			productName = YQSlideMenuControllerDemoTests;
			productReference = 21B2370E1B0CADA400CF8E12 /* YQSlideMenuControllerDemoTests.xctest */;
			productType = "com.apple.product-type.bundle.unit-test";
		};
/* End PBXNativeTarget section */

/* Begin PBXProject section */
		21B236ED1B0CADA400CF8E12 /* Project object */ = {
			isa = PBXProject;
			attributes = {
				LastUpgradeCheck = 0630;
				ORGANIZATIONNAME = Wang;
				TargetAttributes = {
					21B236F41B0CADA400CF8E12 = {
						CreatedOnToolsVersion = 6.3.1;
					};
					21B2370D1B0CADA400CF8E12 = {
						CreatedOnToolsVersion = 6.3.1;
						TestTargetID = 21B236F41B0CADA400CF8E12;
					};
				};
			};
			buildConfigurationList = 21B236F01B0CADA400CF8E12 /* Build configuration list for PBXProject "YQSlideMenuControllerDemo" */;
			compatibilityVersion = "Xcode 3.2";
			developmentRegion = English;
			hasScannedForEncodings = 0;
			knownRegions = (
				en,
				Base,
			);
			mainGroup = 21B236EC1B0CADA400CF8E12;
			productRefGroup = 21B236F61B0CADA400CF8E12 /* Products */;
			projectDirPath = "";
			projectRoot = "";
			targets = (
				21B236F41B0CADA400CF8E12 /* YQSlideMenuControllerDemo */,
				21B2370D1B0CADA400CF8E12 /* YQSlideMenuControllerDemoTests */,
			);
		};
/* End PBXProject section */

/* Begin PBXResourcesBuildPhase section */
		21B236F31B0CADA400CF8E12 /* Resources */ = {
			isa = PBXResourcesBuildPhase;
			buildActionMask = 2147483647;
			files = (
				21ED40401B145E03008400D2 /* YQSlideMenuImages.xcassets in Resources */,
				21B237041B0CADA400CF8E12 /* Main.storyboard in Resources */,
				21B237091B0CADA400CF8E12 /* LaunchScreen.xib in Resources */,
				21B237061B0CADA400CF8E12 /* Images.xcassets in Resources */,
				21ED404D1B145EA8008400D2 /* MainViewController.xib in Resources */,
				21ED40521B146189008400D2 /* OneViewController.xib in Resources */,
				21ED403C1B1457B1008400D2 /* LeftMenuController.xib in Resources */,
				21ED40571B146678008400D2 /* TwoViewController.xib in Resources */,
			);
			runOnlyForDeploymentPostprocessing = 0;
		};
		21B2370C1B0CADA400CF8E12 /* Resources */ = {
			isa = PBXResourcesBuildPhase;
			buildActionMask = 2147483647;
			files = (
			);
			runOnlyForDeploymentPostprocessing = 0;
		};
/* End PBXResourcesBuildPhase section */

/* Begin PBXSourcesBuildPhase section */
		21B236F11B0CADA400CF8E12 /* Sources */ = {
			isa = PBXSourcesBuildPhase;
			buildActionMask = 2147483647;
			files = (
				21B237211B0CAE1200CF8E12 /* YQSlideMenuController.m in Sources */,
				21ED403B1B1457B1008400D2 /* LeftMenuController.m in Sources */,
				21B237011B0CADA400CF8E12 /* ViewController.m in Sources */,
				21ED404C1B145EA8008400D2 /* MainViewController.m in Sources */,
				21ED405A1B146785008400D2 /* UIViewController+YQSlideMenu.m in Sources */,
				21B236FE1B0CADA400CF8E12 /* AppDelegate.m in Sources */,
				21ED40511B146189008400D2 /* OneViewController.m in Sources */,
				21B236FB1B0CADA400CF8E12 /* main.m in Sources */,
				21ED40561B146678008400D2 /* TwoViewController.m in Sources */,
			);
			runOnlyForDeploymentPostprocessing = 0;
		};
		21B2370A1B0CADA400CF8E12 /* Sources */ = {
			isa = PBXSourcesBuildPhase;
			buildActionMask = 2147483647;
			files = (
				21B237151B0CADA400CF8E12 /* YQSlideMenuControllerDemoTests.m in Sources */,
			);
			runOnlyForDeploymentPostprocessing = 0;
		};
/* End PBXSourcesBuildPhase section */

/* Begin PBXTargetDependency section */
		21B237101B0CADA400CF8E12 /* PBXTargetDependency */ = {
			isa = PBXTargetDependency;
			target = 21B236F41B0CADA400CF8E12 /* YQSlideMenuControllerDemo */;
			targetProxy = 21B2370F1B0CADA400CF8E12 /* PBXContainerItemProxy */;
		};
/* End PBXTargetDependency section */

/* Begin PBXVariantGroup section */
		21B237021B0CADA400CF8E12 /* Main.storyboard */ = {
			isa = PBXVariantGroup;
			children = (
				21B237031B0CADA400CF8E12 /* Base */,
			);
			name = Main.storyboard;
			sourceTree = "<group>";
		};
		21B237071B0CADA400CF8E12 /* LaunchScreen.xib */ = {
			isa = PBXVariantGroup;
			children = (
				21B237081B0CADA400CF8E12 /* Base */,
			);
			name = LaunchScreen.xib;
			sourceTree = "<group>";
		};
/* End PBXVariantGroup section */

/* Begin XCBuildConfiguration section */
		21B237161B0CADA400CF8E12 /* Debug */ = {
			isa = XCBuildConfiguration;
			buildSettings = {
				ALWAYS_SEARCH_USER_PATHS = NO;
				CLANG_CXX_LANGUAGE_STANDARD = "gnu++0x";
				CLANG_CXX_LIBRARY = "libc++";
				CLANG_ENABLE_MODULES = YES;
				CLANG_ENABLE_OBJC_ARC = YES;
				CLANG_WARN_BOOL_CONVERSION = YES;
				CLANG_WARN_CONSTANT_CONVERSION = YES;
				CLANG_WARN_DIRECT_OBJC_ISA_USAGE = YES_ERROR;
				CLANG_WARN_EMPTY_BODY = YES;
				CLANG_WARN_ENUM_CONVERSION = YES;
				CLANG_WARN_INT_CONVERSION = YES;
				CLANG_WARN_OBJC_ROOT_CLASS = YES_ERROR;
				CLANG_WARN_UNREACHABLE_CODE = YES;
				CLANG_WARN__DUPLICATE_METHOD_MATCH = YES;
				"CODE_SIGN_IDENTITY[sdk=iphoneos*]" = "iPhone Developer";
				COPY_PHASE_STRIP = NO;
				DEBUG_INFORMATION_FORMAT = "dwarf-with-dsym";
				ENABLE_STRICT_OBJC_MSGSEND = YES;
				GCC_C_LANGUAGE_STANDARD = gnu99;
				GCC_DYNAMIC_NO_PIC = NO;
				GCC_NO_COMMON_BLOCKS = YES;
				GCC_OPTIMIZATION_LEVEL = 0;
				GCC_PREPROCESSOR_DEFINITIONS = (
					"DEBUG=1",
					"$(inherited)",
				);
				GCC_SYMBOLS_PRIVATE_EXTERN = NO;
				GCC_WARN_64_TO_32_BIT_CONVERSION = YES;
				GCC_WARN_ABOUT_RETURN_TYPE = YES_ERROR;
				GCC_WARN_UNDECLARED_SELECTOR = YES;
				GCC_WARN_UNINITIALIZED_AUTOS = YES_AGGRESSIVE;
				GCC_WARN_UNUSED_FUNCTION = YES;
				GCC_WARN_UNUSED_VARIABLE = YES;
				IPHONEOS_DEPLOYMENT_TARGET = 8.3;
				MTL_ENABLE_DEBUG_INFO = YES;
				ONLY_ACTIVE_ARCH = YES;
				SDKROOT = iphoneos;
			};
			name = Debug;
		};
		21B237171B0CADA400CF8E12 /* Release */ = {
			isa = XCBuildConfiguration;
			buildSettings = {
				ALWAYS_SEARCH_USER_PATHS = NO;
				CLANG_CXX_LANGUAGE_STANDARD = "gnu++0x";
				CLANG_CXX_LIBRARY = "libc++";
				CLANG_ENABLE_MODULES = YES;
				CLANG_ENABLE_OBJC_ARC = YES;
				CLANG_WARN_BOOL_CONVERSION = YES;
				CLANG_WARN_CONSTANT_CONVERSION = YES;
				CLANG_WARN_DIRECT_OBJC_ISA_USAGE = YES_ERROR;
				CLANG_WARN_EMPTY_BODY = YES;
				CLANG_WARN_ENUM_CONVERSION = YES;
				CLANG_WARN_INT_CONVERSION = YES;
				CLANG_WARN_OBJC_ROOT_CLASS = YES_ERROR;
				CLANG_WARN_UNREACHABLE_CODE = YES;
				CLANG_WARN__DUPLICATE_METHOD_MATCH = YES;
				"CODE_SIGN_IDENTITY[sdk=iphoneos*]" = "iPhone Developer";
				COPY_PHASE_STRIP = NO;
				DEBUG_INFORMATION_FORMAT = "dwarf-with-dsym";
				ENABLE_NS_ASSERTIONS = NO;
				ENABLE_STRICT_OBJC_MSGSEND = YES;
				GCC_C_LANGUAGE_STANDARD = gnu99;
				GCC_NO_COMMON_BLOCKS = YES;
				GCC_WARN_64_TO_32_BIT_CONVERSION = YES;
				GCC_WARN_ABOUT_RETURN_TYPE = YES_ERROR;
				GCC_WARN_UNDECLARED_SELECTOR = YES;
				GCC_WARN_UNINITIALIZED_AUTOS = YES_AGGRESSIVE;
				GCC_WARN_UNUSED_FUNCTION = YES;
				GCC_WARN_UNUSED_VARIABLE = YES;
				IPHONEOS_DEPLOYMENT_TARGET = 8.3;
				MTL_ENABLE_DEBUG_INFO = NO;
				SDKROOT = iphoneos;
				VALIDATE_PRODUCT = YES;
			};
			name = Release;
		};
		21B237191B0CADA400CF8E12 /* Debug */ = {
			isa = XCBuildConfiguration;
			buildSettings = {
				ASSETCATALOG_COMPILER_APPICON_NAME = AppIcon;
				INFOPLIST_FILE = YQSlideMenuControllerDemo/Info.plist;
				LD_RUNPATH_SEARCH_PATHS = "$(inherited) @executable_path/Frameworks";
				PRODUCT_NAME = "$(TARGET_NAME)";
			};
			name = Debug;
		};
		21B2371A1B0CADA400CF8E12 /* Release */ = {
			isa = XCBuildConfiguration;
			buildSettings = {
				ASSETCATALOG_COMPILER_APPICON_NAME = AppIcon;
				INFOPLIST_FILE = YQSlideMenuControllerDemo/Info.plist;
				LD_RUNPATH_SEARCH_PATHS = "$(inherited) @executable_path/Frameworks";
				PRODUCT_NAME = "$(TARGET_NAME)";
			};
			name = Release;
		};
		21B2371C1B0CADA400CF8E12 /* Debug */ = {
			isa = XCBuildConfiguration;
			buildSettings = {
				BUNDLE_LOADER = "$(TEST_HOST)";
				FRAMEWORK_SEARCH_PATHS = (
					"$(SDKROOT)/Developer/Library/Frameworks",
					"$(inherited)",
				);
				GCC_PREPROCESSOR_DEFINITIONS = (
					"DEBUG=1",
					"$(inherited)",
				);
				INFOPLIST_FILE = YQSlideMenuControllerDemoTests/Info.plist;
				LD_RUNPATH_SEARCH_PATHS = "$(inherited) @executable_path/Frameworks @loader_path/Frameworks";
				PRODUCT_NAME = "$(TARGET_NAME)";
				TEST_HOST = "$(BUILT_PRODUCTS_DIR)/YQSlideMenuControllerDemo.app/YQSlideMenuControllerDemo";
			};
			name = Debug;
		};
		21B2371D1B0CADA400CF8E12 /* Release */ = {
			isa = XCBuildConfiguration;
			buildSettings = {
				BUNDLE_LOADER = "$(TEST_HOST)";
				FRAMEWORK_SEARCH_PATHS = (
					"$(SDKROOT)/Developer/Library/Frameworks",
					"$(inherited)",
				);
				INFOPLIST_FILE = YQSlideMenuControllerDemoTests/Info.plist;
				LD_RUNPATH_SEARCH_PATHS = "$(inherited) @executable_path/Frameworks @loader_path/Frameworks";
				PRODUCT_NAME = "$(TARGET_NAME)";
				TEST_HOST = "$(BUILT_PRODUCTS_DIR)/YQSlideMenuControllerDemo.app/YQSlideMenuControllerDemo";
			};
			name = Release;
		};
/* End XCBuildConfiguration section */

/* Begin XCConfigurationList section */
		21B236F01B0CADA400CF8E12 /* Build configuration list for PBXProject "YQSlideMenuControllerDemo" */ = {
			isa = XCConfigurationList;
			buildConfigurations = (
				21B237161B0CADA400CF8E12 /* Debug */,
				21B237171B0CADA400CF8E12 /* Release */,
			);
			defaultConfigurationIsVisible = 0;
			defaultConfigurationName = Release;
		};
		21B237181B0CADA400CF8E12 /* Build configuration list for PBXNativeTarget "YQSlideMenuControllerDemo" */ = {
			isa = XCConfigurationList;
			buildConfigurations = (
				21B237191B0CADA400CF8E12 /* Debug */,
				21B2371A1B0CADA400CF8E12 /* Release */,
			);
			defaultConfigurationIsVisible = 0;
			defaultConfigurationName = Release;
		};
		21B2371B1B0CADA400CF8E12 /* Build configuration list for PBXNativeTarget "YQSlideMenuControllerDemoTests" */ = {
			isa = XCConfigurationList;
			buildConfigurations = (
				21B2371C1B0CADA400CF8E12 /* Debug */,
				21B2371D1B0CADA400CF8E12 /* Release */,
			);
			defaultConfigurationIsVisible = 0;
			defaultConfigurationName = Release;
		};
/* End XCConfigurationList section */
	};
	rootObject = 21B236ED1B0CADA400CF8E12 /* Project object */;
}
